
Microsoft Visual Studio Solution File, Format Version 12.00
# Visual Studio Version 17
VisualStudioVersion = 17.14.37203.1 d17.14
MinimumVisualStudioVersion = 10.0.40219.1
Project("{FAE04EC0-301F-11D3-BF4B-00C04F79EFBC}") = "ShoppingCartClient", "ShoppingCartClient\ShoppingCartClient.csproj", "{9F7D953C-A3F0-4072-B410-D3EDE6B6D2A4}"
EndProject
Global
	GlobalSection(SolutionConfigurationPlatforms) = preSolution
		Debug|Any CPU = Debug|Any CPU
		Release|Any CPU = Release|Any CPU
	EndGlobalSection
	GlobalSection(ProjectConfigurationPlatforms) = postSolution
		{9F7D953C-A3F0-4072-B410-D3EDE6B6D2A4}.Debug|Any CPU.ActiveCfg = Debug|Any CPU
		{9F7D953C-A3F0-4072-B410-D3EDE6B6D2A4}.Debug|Any CPU.Build.0 = Debug|Any CPU
		{9F7D953C-A3F0-4072-B410-D3EDE6B6D2A4}.Release|Any CPU.ActiveCfg = Release|Any CPU
		{9F7D953C-A3F0-4072-B410-D3EDE6B6D2A4}.Release|Any CPU.Build.0 = Release|Any CPU
	EndGlobalSection
	GlobalSection(SolutionProperties) = preSolution
		HideSolutionNode = FALSE
	EndGlobalSection
	GlobalSection(ExtensibilityGlobals) = postSolution
		SolutionGuid = {EAE698F6-D28E-48DA-B2D2-D8C80D45CB61}
	EndGlobalSection
EndGlobal
